
Microsoft Visual Studio Solution File, Format Version 12.00
# Visual Studio 15
VisualStudioVersion = 15.0.27703.2035
MinimumVisualStudioVersion = 10.0.40219.1
Project("{9A19103F-16F7-4668-BE54-9A1E7A4F7556}") = "Dexter-proto", "Dexter-proto\Dexter-proto.csproj", "{946CD610-F378-40DE-A805-6A3363BECC3A}"
EndProject
Global
	GlobalSection(SolutionConfigurationPlatforms) = preSolution
		Debug|Any CPU = Debug|Any CPU
		Release|Any CPU = Release|Any CPU
	EndGlobalSection
	GlobalSection(ProjectConfigurationPlatforms) = postSolution
		{946CD610-F378-40DE-A805-6A3363BECC3A}.Debug|Any CPU.ActiveCfg = Debug|Any CPU
		{946CD610-F378-40DE-A805-6A3363BECC3A}.Debug|Any CPU.Build.0 = Debug|Any CPU
		{946CD610-F378-40DE-A805-6A3363BECC3A}.Release|Any CPU.ActiveCfg = Release|Any CPU
		{946CD610-F378-40DE-A805-6A3363BECC3A}.Release|Any CPU.Build.0 = Release|Any CPU
	EndGlobalSection
	GlobalSection(SolutionProperties) = preSolution
		HideSolutionNode = FALSE
	EndGlobalSection
	GlobalSection(ExtensibilityGlobals) = postSolution
		SolutionGuid = {04FAD98D-F004-4E1B-B8B7-BABEFBF29F55}
	EndGlobalSection
EndGlobal
